// !$*UTF8*$!
{
	archiveVersion = 1;
	classes = {
	};
	objectVersion = 46;
	objects = {

/* Begin PBXBuildFile section */
		765E01DA1F6E029400C8618F /* AppDelegate.swift in Sources */ = {isa = PBXBuildFile; fileRef = 765E01D91F6E029400C8618F /* AppDelegate.swift */; };
		765E01DC1F6E029400C8618F /* ViewController.swift in Sources */ = {isa = PBXBuildFile; fileRef = 765E01DB1F6E029400C8618F /* ViewController.swift */; };
		765E01DF1F6E029400C8618F /* Main.storyboard in Resources */ = {isa = PBXBuildFile; fileRef = 765E01DD1F6E029400C8618F /* Main.storyboard */; };
		765E01E11F6E029400C8618F /* Assets.xcassets in Resources */ = {isa = PBXBuildFile; fileRef = 765E01E01F6E029400C8618F /* Assets.xcassets */; };
		765E01E41F6E029400C8618F /* LaunchScreen.storyboard in Resources */ = {isa = PBXBuildFile; fileRef = 765E01E21F6E029400C8618F /* LaunchScreen.storyboard */; };
/* End PBXBuildFile section */

/* Begin PBXFileReference section */
		765E01D61F6E029400C8618F /* Inspire.app */ = {isa = PBXFileReference; explicitFileType = wrapper.application; includeInIndex = 0; path = Inspire.app; sourceTree = BUILT_PRODUCTS_DIR; };
		765E01D91F6E029400C8618F /* AppDelegate.swift */ = {isa = PBXFileReference; lastKnownFileType = sourcecode.swift; path = AppDelegate.swift; sourceTree = "<group>"; };
		765E01DB1F6E029400C8618F /* ViewController.swift */ = {isa = PBXFileReference; lastKnownFileType = sourcecode.swift; path = ViewController.swift; sourceTree = "<group>"; };
		765E01DE1F6E029400C8618F /* Base */ = {isa = PBXFileReference; lastKnownFileType = file.storyboard; name = Base; path = Base.lproj/Main.storyboard; sourceTree = "<group>"; };
		765E01E01F6E029400C8618F /* Assets.xcassets */ = {isa = PBXFileReference; lastKnownFileType = folder.assetcatalog; path = Assets.xcassets; sourceTree = "<group>"; };
		765E01E31F6E029400C8618F /* Base */ = {isa = PBXFileReference; lastKnownFileType = file.storyboard; name = Base; path = Base.lproj/LaunchScreen.storyboard; sourceTree = "<group>"; };
		765E01E51F6E029400C8618F /* Info.plist */ = {isa = PBXFileReference; lastKnownFileType = text.plist.xml; path = Info.plist; sourceTree = "<group>"; };
/* End PBXFileReference section */

/* Begin PBXFrameworksBuildPhase section */
		765E01D31F6E029400C8618F /* Frameworks */ = {
			isa = PBXFrameworksBuildPhase;
			buildActionMask = 2147483647;
			files = (
			);
			runOnlyForDeploymentPostprocessing = 0;
		};
/* End PBXFrameworksBuildPhase section */

/* Begin PBXGroup section */
		765E01CD1F6E029400C8618F = {
			isa = PBXGroup;
			children = (
				765E01D81F6E029400C8618F /* Inspire */,
				765E01D71F6E029400C8618F /* Products */,
			);
			sourceTree = "<group>";
		};
		765E01D71F6E029400C8618F /* Products */ = {
			isa = PBXGroup;
			children = (
				765E01D61F6E029400C8618F /* Inspire.app */,
			);
			name = Products;
			sourceTree = "<group>";
		};
		765E01D81F6E029400C8618F /* Inspire */ = {
			isa = PBXGroup;
			children = (
				765E01D91F6E029400C8618F /* AppDelegate.swift */,
				765E01DB1F6E029400C8618F /* ViewController.swift */,
				765E01DD1F6E029400C8618F /* Main.storyboard */,
				765E01E01F6E029400C8618F /* Assets.xcassets */,
				765E01E21F6E029400C8618F /* LaunchScreen.storyboard */,
				765E01E51F6E029400C8618F /* Info.plist */,
			);
			path = Inspire;
			sourceTree = "<group>";
		};
/* End PBXGroup section */

/* Begin PBXNativeTarget section */
		765E01D51F6E029400C8618F /* Inspire */ = {
			isa = PBXNativeTarget;
			buildConfigurationList = 765E01E81F6E029400C8618F /* Build configuration list for PBXNativeTarget "Inspire" */;
			buildPhases = (
				765E01D21F6E029400C8618F /* Sources */,
				765E01D31F6E029400C8618F /* Frameworks */,
				765E01D41F6E029400C8618F /* Resources */,
			);
			buildRules = (
			);
			dependencies = (
			);
			name = Inspire;
			productName = Inspire;
			productReference = 765E01D61F6E029400C8618F /* Inspire.app */;
			productType = "com.apple.product-type.application";
		};
/* End PBXNativeTarget section */

/* Begin PBXProject section */
		765E01CE1F6E029400C8618F /* Project object */ = {
			isa = PBXProject;
			attributes = {
				LastSwiftUpdateCheck = 0820;
				LastUpgradeCheck = 0820;
				ORGANIZATIONNAME = "Ele O";
				TargetAttributes = {
					765E01D51F6E029400C8618F = {
						CreatedOnToolsVersion = 8.2.1;
						DevelopmentTeam = M5F853KXE4;
						ProvisioningStyle = Automatic;
					};
				};
			};
			buildConfigurationList = 765E01D11F6E029400C8618F /* Build configuration list for PBXProject "Inspire" */;
			compatibilityVersion = "Xcode 3.2";
			developmentRegion = English;
			hasScannedForEncodings = 0;
			knownRegions = (
				en,
				Base,
			);
			mainGroup = 765E01CD1F6E029400C8618F;
			productRefGroup = 765E01D71F6E029400C8618F /* Products */;
			projectDirPath = "";
			projectRoot = "";
			targets = (
				765E01D51F6E029400C8618F /* Inspire */,
			);
		};
/* End PBXProject section */

/* Begin PBXResourcesBuildPhase section */
		765E01D41F6E029400C8618F /* Resources */ = {
			isa = PBXResourcesBuildPhase;
			buildActionMask = 2147483647;
			files = (
				765E01E41F6E029400C8618F /* LaunchScreen.storyboard in Resources */,
				765E01E11F6E029400C8618F /* Assets.xcassets in Resources */,
				765E01DF1F6E029400C8618F /* Main.storyboard in Resources */,
			);
			runOnlyForDeploymentPostprocessing = 0;
		};
/* End PBXResourcesBuildPhase section */

/* Begin PBXSourcesBuildPhase section */
		765E01D21F6E029400C8618F /* Sources */ = {
			isa = PBXSourcesBuildPhase;
			buildActionMask = 2147483647;
			files = (
				765E01DC1F6E029400C8618F /* ViewController.swift in Sources */,
				765E01DA1F6E029400C8618F /* AppDelegate.swift in Sources */,
			);
			runOnlyForDeploymentPostprocessing = 0;
		};
/* End PBXSourcesBuildPhase section */

/* Begin PBXVariantGroup section */
		765E01DD1F6E029400C8618F /* Main.storyboard */ = {
			isa = PBXVariantGroup;
			children = (
				765E01DE1F6E029400C8618F /* Base */,
			);
			name = Main.storyboard;
			sourceTree = "<group>";
		};
		765E01E21F6E029400C8618F /* LaunchScreen.storyboard */ = {
			isa = PBXVariantGroup;
			children = (
				765E01E31F6E029400C8618F /* Base */,
			);
			name = LaunchScreen.storyboard;
			sourceTree = "<group>";
		};
/* End PBXVariantGroup section */

/* Begin XCBuildConfiguration section */
		765E01E61F6E029400C8618F /* Debug */ = {
			isa = XCBuildConfiguration;
			buildSettings = {
				ALWAYS_SEARCH_USER_PATHS = NO;
				CLANG_ANALYZER_NONNULL = YES;
				CLANG_CXX_LANGUAGE_STANDARD = "gnu++0x";
				CLANG_CXX_LIBRARY = "libc++";
				CLANG_ENABLE_MODULES = YES;
				CLANG_ENABLE_OBJC_ARC = YES;
				CLANG_WARN_BOOL_CONVERSION = YES;
				CLANG_WARN_CONSTANT_CONVERSION = YES;
				CLANG_WARN_DIRECT_OBJC_ISA_USAGE = YES_ERROR;
				CLANG_WARN_DOCUMENTATION_COMMENTS = YES;
				CLANG_WARN_EMPTY_BODY = YES;
				CLANG_WARN_ENUM_CONVERSION = YES;
				CLANG_WARN_INFINITE_RECURSION = YES;
				CLANG_WARN_INT_CONVERSION = YES;
				CLANG_WARN_OBJC_ROOT_CLASS = YES_ERROR;
				CLANG_WARN_SUSPICIOUS_MOVE = YES;
				CLANG_WARN_UNREACHABLE_CODE = YES;
				CLANG_WARN__DUPLICATE_METHOD_MATCH = YES;
				"CODE_SIGN_IDENTITY[sdk=iphoneos*]" = "iPhone Developer";
				COPY_PHASE_STRIP = NO;
				DEBUG_INFORMATION_FORMAT = dwarf;
				ENABLE_STRICT_OBJC_MSGSEND = YES;
				ENABLE_TESTABILITY = YES;
				GCC_C_LANGUAGE_STANDARD = gnu99;
				GCC_DYNAMIC_NO_PIC = NO;
				GCC_NO_COMMON_BLOCKS = YES;
				GCC_OPTIMIZATION_LEVEL = 0;
				GCC_PREPROCESSOR_DEFINITIONS = (
					"DEBUG=1",
					"$(inherited)",
				);
				GCC_WARN_64_TO_32_BIT_CONVERSION = YES;
				GCC_WARN_ABOUT_RETURN_TYPE = YES_ERROR;
				GCC_WARN_UNDECLARED_SELECTOR = YES;
				GCC_WARN_UNINITIALIZED_AUTOS = YES_AGGRESSIVE;
				GCC_WARN_UNUSED_FUNCTION = YES;
				GCC_WARN_UNUSED_VARIABLE = YES;
				IPHONEOS_DEPLOYMENT_TARGET = 10.2;
				MTL_ENABLE_DEBUG_INFO = YES;
				ONLY_ACTIVE_ARCH = YES;
				SDKROOT = iphoneos;
				SWIFT_ACTIVE_COMPILATION_CONDITIONS = DEBUG;
				SWIFT_OPTIMIZATION_LEVEL = "-Onone";
				TARGETED_DEVICE_FAMILY = "1,2";
			};
			name = Debug;
		};
		765E01E71F6E029400C8618F /* Release */ = {
			isa = XCBuildConfiguration;
			buildSettings = {
				ALWAYS_SEARCH_USER_PATHS = NO;
				CLANG_ANALYZER_NONNULL = YES;
				CLANG_CXX_LANGUAGE_STANDARD = "gnu++0x";
				CLANG_CXX_LIBRARY = "libc++";
				CLANG_ENABLE_MODULES = YES;
				CLANG_ENABLE_OBJC_ARC = YES;
				CLANG_WARN_BOOL_CONVERSION = YES;
				CLANG_WARN_CONSTANT_CONVERSION = YES;
				CLANG_WARN_DIRECT_OBJC_ISA_USAGE = YES_ERROR;
				CLANG_WARN_DOCUMENTATION_COMMENTS = YES;
				CLANG_WARN_EMPTY_BODY = YES;
				CLANG_WARN_ENUM_CONVERSION = YES;
				CLANG_WARN_INFINITE_RECURSION = YES;
				CLANG_WARN_INT_CONVERSION = YES;
				CLANG_WARN_OBJC_ROOT_CLASS = YES_ERROR;
				CLANG_WARN_SUSPICIOUS_MOVE = YES;
				CLANG_WARN_UNREACHABLE_CODE = YES;
				CLANG_WARN__DUPLICATE_METHOD_MATCH = YES;
				"CODE_SIGN_IDENTITY[sdk=iphoneos*]" = "iPhone Developer";
				COPY_PHASE_STRIP = NO;
				DEBUG_INFORMATION_FORMAT = "dwarf-with-dsym";
				ENABLE_NS_ASSERTIONS = NO;
				ENABLE_STRICT_OBJC_MSGSEND = YES;
				GCC_C_LANGUAGE_STANDARD = gnu99;
				GCC_NO_COMMON_BLOCKS = YES;
				GCC_WARN_64_TO_32_BIT_CONVERSION = YES;
				GCC_WARN_ABOUT_RETURN_TYPE = YES_ERROR;
				GCC_WARN_UNDECLARED_SELECTOR = YES;
				GCC_WARN_UNINITIALIZED_AUTOS = YES_AGGRESSIVE;
				GCC_WARN_UNUSED_FUNCTION = YES;
				GCC_WARN_UNUSED_VARIABLE = YES;
				IPHONEOS_DEPLOYMENT_TARGET = 10.2;
				MTL_ENABLE_DEBUG_INFO = NO;
				SDKROOT = iphoneos;
				SWIFT_OPTIMIZATION_LEVEL = "-Owholemodule";
				TARGETED_DEVICE_FAMILY = "1,2";
				VALIDATE_PRODUCT = YES;
			};
			name = Release;
		};
		765E01E91F6E029400C8618F /* Debug */ = {
			isa = XCBuildConfiguration;
			buildSettings = {
				ASSETCATALOG_COMPILER_APPICON_NAME = AppIcon;
				DEVELOPMENT_TEAM = M5F853KXE4;
				INFOPLIST_FILE = Inspire/Info.plist;
				LD_RUNPATH_SEARCH_PATHS = "$(inherited) @executable_path/Frameworks";
				PRODUCT_BUNDLE_IDENTIFIER = com.eleo.Inspire;
				PRODUCT_NAME = "$(TARGET_NAME)";
				SWIFT_VERSION = 3.0;
			};
			name = Debug;
		};
		765E01EA1F6E029400C8618F /* Release */ = {
			isa = XCBuildConfiguration;
			buildSettings = {
				ASSETCATALOG_COMPILER_APPICON_NAME = AppIcon;
				DEVELOPMENT_TEAM = M5F853KXE4;
				INFOPLIST_FILE = Inspire/Info.plist;
				LD_RUNPATH_SEARCH_PATHS = "$(inherited) @executable_path/Frameworks";
				PRODUCT_BUNDLE_IDENTIFIER = com.eleo.Inspire;
				PRODUCT_NAME = "$(TARGET_NAME)";
				SWIFT_VERSION = 3.0;
			};
			name = Release;
		};
/* End XCBuildConfiguration section */

/* Begin XCConfigurationList section */
		765E01D11F6E029400C8618F /* Build configuration list for PBXProject "Inspire" */ = {
			isa = XCConfigurationList;
			buildConfigurations = (
				765E01E61F6E029400C8618F /* Debug */,
				765E01E71F6E029400C8618F /* Release */,
			);
			defaultConfigurationIsVisible = 0;
			defaultConfigurationName = Release;
		};
		765E01E81F6E029400C8618F /* Build configuration list for PBXNativeTarget "Inspire" */ = {
			isa = XCConfigurationList;
			buildConfigurations = (
				765E01E91F6E029400C8618F /* Debug */,
				765E01EA1F6E029400C8618F /* Release */,
			);
			defaultConfigurationIsVisible = 0;
		};
/* End XCConfigurationList section */
	};
	rootObject = 765E01CE1F6E029400C8618F /* Project object */;
}
